// !$*UTF8*$!
{
	archiveVersion = 1;
	classes = {
	};
	objectVersion = 55;
	objects = {

/* Begin PBXBuildFile section */
		49088F3D281C79D3000ADD50 /* DummyViewController.swift in Sources */ = {isa = PBXBuildFile; fileRef = 49088F3C281C79D3000ADD50 /* DummyViewController.swift */; };
		49088F40281C7F38000ADD50 /* LocalState.swift in Sources */ = {isa = PBXBuildFile; fileRef = 49088F3F281C7F38000ADD50 /* LocalState.swift */; };
		494C6F1F2817F7990023FF5F /* AppDelegate.swift in Sources */ = {isa = PBXBuildFile; fileRef = 494C6F1E2817F7990023FF5F /* AppDelegate.swift */; };
		494C6F232817F7990023FF5F /* LoginViewController.swift in Sources */ = {isa = PBXBuildFile; fileRef = 494C6F222817F7990023FF5F /* LoginViewController.swift */; };
		494C6F282817F79A0023FF5F /* Assets.xcassets in Resources */ = {isa = PBXBuildFile; fileRef = 494C6F272817F79A0023FF5F /* Assets.xcassets */; };
		494C6F2B2817F79A0023FF5F /* LaunchScreen.storyboard in Resources */ = {isa = PBXBuildFile; fileRef = 494C6F292817F79A0023FF5F /* LaunchScreen.storyboard */; };
		494C6F362817FA260023FF5F /* LoginView.swift in Sources */ = {isa = PBXBuildFile; fileRef = 494C6F352817FA260023FF5F /* LoginView.swift */; };
		4996AB4C28194938007DA12F /* OnboardingContainerViewController.swift in Sources */ = {isa = PBXBuildFile; fileRef = 4996AB4B28194938007DA12F /* OnboardingContainerViewController.swift */; };
		4996AB4E2819A304007DA12F /* OnboardingViewController.swift in Sources */ = {isa = PBXBuildFile; fileRef = 4996AB4D2819A304007DA12F /* OnboardingViewController.swift */; };
		49C4D802281D8FDB00B9DEFC /* Constants.swift in Sources */ = {isa = PBXBuildFile; fileRef = 49C4D801281D8FDB00B9DEFC /* Constants.swift */; };
		49C4D805281D905000B9DEFC /* UIViewController+extension.swift in Sources */ = {isa = PBXBuildFile; fileRef = 49C4D804281D905000B9DEFC /* UIViewController+extension.swift */; };
		49EC45AB281EF3FC007C713B /* MainViewController.swift in Sources */ = {isa = PBXBuildFile; fileRef = 49EC45AA281EF3FC007C713B /* MainViewController.swift */; };
		49EC45AE28204A13007C713B /* AccountSummaryViewController.swift in Sources */ = {isa = PBXBuildFile; fileRef = 49EC45AD28204A13007C713B /* AccountSummaryViewController.swift */; };
		49EC45B028204F66007C713B /* AccountSummaryHeaderView.swift in Sources */ = {isa = PBXBuildFile; fileRef = 49EC45AF28204F66007C713B /* AccountSummaryHeaderView.swift */; };
		49EC45B228204F9F007C713B /* AccountSummaryHeaderView.xib in Resources */ = {isa = PBXBuildFile; fileRef = 49EC45B128204F9F007C713B /* AccountSummaryHeaderView.xib */; };
/* End PBXBuildFile section */

/* Begin PBXFileReference section */
		49088F3C281C79D3000ADD50 /* DummyViewController.swift */ = {isa = PBXFileReference; lastKnownFileType = sourcecode.swift; path = DummyViewController.swift; sourceTree = "<group>"; };
		49088F3F281C7F38000ADD50 /* LocalState.swift */ = {isa = PBXFileReference; lastKnownFileType = sourcecode.swift; path = LocalState.swift; sourceTree = "<group>"; };
		494C6F1B2817F7990023FF5F /* Bankey.app */ = {isa = PBXFileReference; explicitFileType = wrapper.application; includeInIndex = 0; path = Bankey.app; sourceTree = BUILT_PRODUCTS_DIR; };
		494C6F1E2817F7990023FF5F /* AppDelegate.swift */ = {isa = PBXFileReference; lastKnownFileType = sourcecode.swift; path = AppDelegate.swift; sourceTree = "<group>"; };
		494C6F222817F7990023FF5F /* LoginViewController.swift */ = {isa = PBXFileReference; lastKnownFileType = sourcecode.swift; path = LoginViewController.swift; sourceTree = "<group>"; };
		494C6F272817F79A0023FF5F /* Assets.xcassets */ = {isa = PBXFileReference; lastKnownFileType = folder.assetcatalog; path = Assets.xcassets; sourceTree = "<group>"; };
		494C6F2A2817F79A0023FF5F /* Base */ = {isa = PBXFileReference; lastKnownFileType = file.storyboard; name = Base; path = Base.lproj/LaunchScreen.storyboard; sourceTree = "<group>"; };
		494C6F2C2817F79A0023FF5F /* Info.plist */ = {isa = PBXFileReference; lastKnownFileType = text.plist.xml; path = Info.plist; sourceTree = "<group>"; };
		494C6F352817FA260023FF5F /* LoginView.swift */ = {isa = PBXFileReference; lastKnownFileType = sourcecode.swift; path = LoginView.swift; sourceTree = "<group>"; };
		4996AB4B28194938007DA12F /* OnboardingContainerViewController.swift */ = {isa = PBXFileReference; lastKnownFileType = sourcecode.swift; path = OnboardingContainerViewController.swift; sourceTree = "<group>"; };
		4996AB4D2819A304007DA12F /* OnboardingViewController.swift */ = {isa = PBXFileReference; lastKnownFileType = sourcecode.swift; path = OnboardingViewController.swift; sourceTree = "<group>"; };
		49C4D801281D8FDB00B9DEFC /* Constants.swift */ = {isa = PBXFileReference; lastKnownFileType = sourcecode.swift; path = Constants.swift; sourceTree = "<group>"; };
		49C4D804281D905000B9DEFC /* UIViewController+extension.swift */ = {isa = PBXFileReference; lastKnownFileType = sourcecode.swift; path = "UIViewController+extension.swift"; sourceTree = "<group>"; };
		49EC45AA281EF3FC007C713B /* MainViewController.swift */ = {isa = PBXFileReference; lastKnownFileType = sourcecode.swift; path = MainViewController.swift; sourceTree = "<group>"; };
		49EC45AD28204A13007C713B /* AccountSummaryViewController.swift */ = {isa = PBXFileReference; lastKnownFileType = sourcecode.swift; path = AccountSummaryViewController.swift; sourceTree = "<group>"; };
		49EC45AF28204F66007C713B /* AccountSummaryHeaderView.swift */ = {isa = PBXFileReference; lastKnownFileType = sourcecode.swift; path = AccountSummaryHeaderView.swift; sourceTree = "<group>"; };
		49EC45B128204F9F007C713B /* AccountSummaryHeaderView.xib */ = {isa = PBXFileReference; lastKnownFileType = file.xib; path = AccountSummaryHeaderView.xib; sourceTree = "<group>"; };
/* End PBXFileReference section */

/* Begin PBXFrameworksBuildPhase section */
		494C6F182817F7990023FF5F /* Frameworks */ = {
			isa = PBXFrameworksBuildPhase;
			buildActionMask = 2147483647;
			files = (
			);
			runOnlyForDeploymentPostprocessing = 0;
		};
/* End PBXFrameworksBuildPhase section */

/* Begin PBXGroup section */
		49088F3E281C7F24000ADD50 /* Utils */ = {
			isa = PBXGroup;
			children = (
				49C4D803281D903E00B9DEFC /* Extensions */,
				49088F3F281C7F38000ADD50 /* LocalState.swift */,
			);
			path = Utils;
			sourceTree = "<group>";
		};
		494C6F122817F7990023FF5F = {
			isa = PBXGroup;
			children = (
				494C6F1D2817F7990023FF5F /* Bankey */,
				494C6F1C2817F7990023FF5F /* Products */,
			);
			sourceTree = "<group>";
		};
		494C6F1C2817F7990023FF5F /* Products */ = {
			isa = PBXGroup;
			children = (
				494C6F1B2817F7990023FF5F /* Bankey.app */,
			);
			name = Products;
			sourceTree = "<group>";
		};
		494C6F1D2817F7990023FF5F /* Bankey */ = {
			isa = PBXGroup;
			children = (
				494C6F1E2817F7990023FF5F /* AppDelegate.swift */,
				49EC45AA281EF3FC007C713B /* MainViewController.swift */,
				49C4D801281D8FDB00B9DEFC /* Constants.swift */,
				494C6F342817F9F80023FF5F /* Login */,
				4996AB4A2819490C007DA12F /* OnBoarding */,
				49EC45AC282049E8007C713B /* AccountSummary */,
				49088F3E281C7F24000ADD50 /* Utils */,
				494C6F372817FA6A0023FF5F /* Files */,
			);
			path = Bankey;
			sourceTree = "<group>";
		};
		494C6F342817F9F80023FF5F /* Login */ = {
			isa = PBXGroup;
			children = (
				494C6F222817F7990023FF5F /* LoginViewController.swift */,
				49088F3C281C79D3000ADD50 /* DummyViewController.swift */,
				494C6F352817FA260023FF5F /* LoginView.swift */,
			);
			path = Login;
			sourceTree = "<group>";
		};
		494C6F372817FA6A0023FF5F /* Files */ = {
			isa = PBXGroup;
			children = (
				494C6F272817F79A0023FF5F /* Assets.xcassets */,
				494C6F292817F79A0023FF5F /* LaunchScreen.storyboard */,
				494C6F2C2817F79A0023FF5F /* Info.plist */,
			);
			name = Files;
			sourceTree = "<group>";
		};
		4996AB4A2819490C007DA12F /* OnBoarding */ = {
			isa = PBXGroup;
			children = (
				4996AB4B28194938007DA12F /* OnboardingContainerViewController.swift */,
				4996AB4D2819A304007DA12F /* OnboardingViewController.swift */,
			);
			path = OnBoarding;
			sourceTree = "<group>";
		};
		49C4D803281D903E00B9DEFC /* Extensions */ = {
			isa = PBXGroup;
			children = (
				49C4D804281D905000B9DEFC /* UIViewController+extension.swift */,
			);
			path = Extensions;
			sourceTree = "<group>";
		};
		49EC45AC282049E8007C713B /* AccountSummary */ = {
			isa = PBXGroup;
			children = (
				49EC45AD28204A13007C713B /* AccountSummaryViewController.swift */,
				49EC45AF28204F66007C713B /* AccountSummaryHeaderView.swift */,
				49EC45B128204F9F007C713B /* AccountSummaryHeaderView.xib */,
			);
			path = AccountSummary;
			sourceTree = "<group>";
		};
/* End PBXGroup section */

/* Begin PBXNativeTarget section */
		494C6F1A2817F7990023FF5F /* Bankey */ = {
			isa = PBXNativeTarget;
			buildConfigurationList = 494C6F2F2817F79A0023FF5F /* Build configuration list for PBXNativeTarget "Bankey" */;
			buildPhases = (
				494C6F172817F7990023FF5F /* Sources */,
				494C6F182817F7990023FF5F /* Frameworks */,
				494C6F192817F7990023FF5F /* Resources */,
			);
			buildRules = (
			);
			dependencies = (
			);
			name = Bankey;
			productName = Bankey;
			productReference = 494C6F1B2817F7990023FF5F /* Bankey.app */;
			productType = "com.apple.product-type.application";
		};
/* End PBXNativeTarget section */

/* Begin PBXProject section */
		494C6F132817F7990023FF5F /* Project object */ = {
			isa = PBXProject;
			attributes = {
				BuildIndependentTargetsInParallel = 1;
				LastSwiftUpdateCheck = 1320;
				LastUpgradeCheck = 1320;
				TargetAttributes = {
					494C6F1A2817F7990023FF5F = {
						CreatedOnToolsVersion = 13.2.1;
					};
				};
			};
			buildConfigurationList = 494C6F162817F7990023FF5F /* Build configuration list for PBXProject "Bankey" */;
			compatibilityVersion = "Xcode 13.0";
			developmentRegion = en;
			hasScannedForEncodings = 0;
			knownRegions = (
				en,
				Base,
			);
			mainGroup = 494C6F122817F7990023FF5F;
			productRefGroup = 494C6F1C2817F7990023FF5F /* Products */;
			projectDirPath = "";
			projectRoot = "";
			targets = (
				494C6F1A2817F7990023FF5F /* Bankey */,
			);
		};
/* End PBXProject section */

/* Begin PBXResourcesBuildPhase section */
		494C6F192817F7990023FF5F /* Resources */ = {
			isa = PBXResourcesBuildPhase;
			buildActionMask = 2147483647;
			files = (
				49EC45B228204F9F007C713B /* AccountSummaryHeaderView.xib in Resources */,
				494C6F2B2817F79A0023FF5F /* LaunchScreen.storyboard in Resources */,
				494C6F282817F79A0023FF5F /* Assets.xcassets in Resources */,
			);
			runOnlyForDeploymentPostprocessing = 0;
		};
/* End PBXResourcesBuildPhase section */

/* Begin PBXSourcesBuildPhase section */
		494C6F172817F7990023FF5F /* Sources */ = {
			isa = PBXSourcesBuildPhase;
			buildActionMask = 2147483647;
			files = (
				49EC45B028204F66007C713B /* AccountSummaryHeaderView.swift in Sources */,
				494C6F362817FA260023FF5F /* LoginView.swift in Sources */,
				49088F40281C7F38000ADD50 /* LocalState.swift in Sources */,
				49EC45AE28204A13007C713B /* AccountSummaryViewController.swift in Sources */,
				49C4D805281D905000B9DEFC /* UIViewController+extension.swift in Sources */,
				49088F3D281C79D3000ADD50 /* DummyViewController.swift in Sources */,
				494C6F232817F7990023FF5F /* LoginViewController.swift in Sources */,
				4996AB4E2819A304007DA12F /* OnboardingViewController.swift in Sources */,
				494C6F1F2817F7990023FF5F /* AppDelegate.swift in Sources */,
				4996AB4C28194938007DA12F /* OnboardingContainerViewController.swift in Sources */,
				49C4D802281D8FDB00B9DEFC /* Constants.swift in Sources */,
				49EC45AB281EF3FC007C713B /* MainViewController.swift in Sources */,
			);
			runOnlyForDeploymentPostprocessing = 0;
		};
/* End PBXSourcesBuildPhase section */

/* Begin PBXVariantGroup section */
		494C6F292817F79A0023FF5F /* LaunchScreen.storyboard */ = {
			isa = PBXVariantGroup;
			children = (
				494C6F2A2817F79A0023FF5F /* Base */,
			);
			name = LaunchScreen.storyboard;
			sourceTree = "<group>";
		};
/* End PBXVariantGroup section */

/* Begin XCBuildConfiguration section */
		494C6F2D2817F79A0023FF5F /* Debug */ = {
			isa = XCBuildConfiguration;
			buildSettings = {
				ALWAYS_SEARCH_USER_PATHS = NO;
				CLANG_ANALYZER_NONNULL = YES;
				CLANG_ANALYZER_NUMBER_OBJECT_CONVERSION = YES_AGGRESSIVE;
				CLANG_CXX_LANGUAGE_STANDARD = "gnu++17";
				CLANG_CXX_LIBRARY = "libc++";
				CLANG_ENABLE_MODULES = YES;
				CLANG_ENABLE_OBJC_ARC = YES;
				CLANG_ENABLE_OBJC_WEAK = YES;
				CLANG_WARN_BLOCK_CAPTURE_AUTORELEASING = YES;
				CLANG_WARN_BOOL_CONVERSION = YES;
				CLANG_WARN_COMMA = YES;
				CLANG_WARN_CONSTANT_CONVERSION = YES;
				CLANG_WARN_DEPRECATED_OBJC_IMPLEMENTATIONS = YES;
				CLANG_WARN_DIRECT_OBJC_ISA_USAGE = YES_ERROR;
				CLANG_WARN_DOCUMENTATION_COMMENTS = YES;
				CLANG_WARN_EMPTY_BODY = YES;
				CLANG_WARN_ENUM_CONVERSION = YES;
				CLANG_WARN_INFINITE_RECURSION = YES;
				CLANG_WARN_INT_CONVERSION = YES;
				CLANG_WARN_NON_LITERAL_NULL_CONVERSION = YES;
				CLANG_WARN_OBJC_IMPLICIT_RETAIN_SELF = YES;
				CLANG_WARN_OBJC_LITERAL_CONVERSION = YES;
				CLANG_WARN_OBJC_ROOT_CLASS = YES_ERROR;
				CLANG_WARN_QUOTED_INCLUDE_IN_FRAMEWORK_HEADER = YES;
				CLANG_WARN_RANGE_LOOP_ANALYSIS = YES;
				CLANG_WARN_STRICT_PROTOTYPES = YES;
				CLANG_WARN_SUSPICIOUS_MOVE = YES;
				CLANG_WARN_UNGUARDED_AVAILABILITY = YES_AGGRESSIVE;
				CLANG_WARN_UNREACHABLE_CODE = YES;
				CLANG_WARN__DUPLICATE_METHOD_MATCH = YES;
				COPY_PHASE_STRIP = NO;
				DEBUG_INFORMATION_FORMAT = dwarf;
				ENABLE_STRICT_OBJC_MSGSEND = YES;
				ENABLE_TESTABILITY = YES;
				GCC_C_LANGUAGE_STANDARD = gnu11;
				GCC_DYNAMIC_NO_PIC = NO;
				GCC_NO_COMMON_BLOCKS = YES;
				GCC_OPTIMIZATION_LEVEL = 0;
				GCC_PREPROCESSOR_DEFINITIONS = (
					"DEBUG=1",
					"$(inherited)",
				);
				GCC_WARN_64_TO_32_BIT_CONVERSION = YES;
				GCC_WARN_ABOUT_RETURN_TYPE = YES_ERROR;
				GCC_WARN_UNDECLARED_SELECTOR = YES;
				GCC_WARN_UNINITIALIZED_AUTOS = YES_AGGRESSIVE;
				GCC_WARN_UNUSED_FUNCTION = YES;
				GCC_WARN_UNUSED_VARIABLE = YES;
				IPHONEOS_DEPLOYMENT_TARGET = 15.2;
				MTL_ENABLE_DEBUG_INFO = INCLUDE_SOURCE;
				MTL_FAST_MATH = YES;
				ONLY_ACTIVE_ARCH = YES;
				SDKROOT = iphoneos;
				SWIFT_ACTIVE_COMPILATION_CONDITIONS = DEBUG;
				SWIFT_OPTIMIZATION_LEVEL = "-Onone";
			};
			name = Debug;
		};
		494C6F2E2817F79A0023FF5F /* Release */ = {
			isa = XCBuildConfiguration;
			buildSettings = {
				ALWAYS_SEARCH_USER_PATHS = NO;
				CLANG_ANALYZER_NONNULL = YES;
				CLANG_ANALYZER_NUMBER_OBJECT_CONVERSION = YES_AGGRESSIVE;
				CLANG_CXX_LANGUAGE_STANDARD = "gnu++17";
				CLANG_CXX_LIBRARY = "libc++";
				CLANG_ENABLE_MODULES = YES;
				CLANG_ENABLE_OBJC_ARC = YES;
				CLANG_ENABLE_OBJC_WEAK = YES;
				CLANG_WARN_BLOCK_CAPTURE_AUTORELEASING = YES;
				CLANG_WARN_BOOL_CONVERSION = YES;
				CLANG_WARN_COMMA = YES;
				CLANG_WARN_CONSTANT_CONVERSION = YES;
				CLANG_WARN_DEPRECATED_OBJC_IMPLEMENTATIONS = YES;
				CLANG_WARN_DIRECT_OBJC_ISA_USAGE = YES_ERROR;
				CLANG_WARN_DOCUMENTATION_COMMENTS = YES;
				CLANG_WARN_EMPTY_BODY = YES;
				CLANG_WARN_ENUM_CONVERSION = YES;
				CLANG_WARN_INFINITE_RECURSION = YES;
				CLANG_WARN_INT_CONVERSION = YES;
				CLANG_WARN_NON_LITERAL_NULL_CONVERSION = YES;
				CLANG_WARN_OBJC_IMPLICIT_RETAIN_SELF = YES;
				CLANG_WARN_OBJC_LITERAL_CONVERSION = YES;
				CLANG_WARN_OBJC_ROOT_CLASS = YES_ERROR;
				CLANG_WARN_QUOTED_INCLUDE_IN_FRAMEWORK_HEADER = YES;
				CLANG_WARN_RANGE_LOOP_ANALYSIS = YES;
				CLANG_WARN_STRICT_PROTOTYPES = YES;
				CLANG_WARN_SUSPICIOUS_MOVE = YES;
				CLANG_WARN_UNGUARDED_AVAILABILITY = YES_AGGRESSIVE;
				CLANG_WARN_UNREACHABLE_CODE = YES;
				CLANG_WARN__DUPLICATE_METHOD_MATCH = YES;
				COPY_PHASE_STRIP = NO;
				DEBUG_INFORMATION_FORMAT = "dwarf-with-dsym";
				ENABLE_NS_ASSERTIONS = NO;
				ENABLE_STRICT_OBJC_MSGSEND = YES;
				GCC_C_LANGUAGE_STANDARD = gnu11;
				GCC_NO_COMMON_BLOCKS = YES;
				GCC_WARN_64_TO_32_BIT_CONVERSION = YES;
				GCC_WARN_ABOUT_RETURN_TYPE = YES_ERROR;
				GCC_WARN_UNDECLARED_SELECTOR = YES;
				GCC_WARN_UNINITIALIZED_AUTOS = YES_AGGRESSIVE;
				GCC_WARN_UNUSED_FUNCTION = YES;
				GCC_WARN_UNUSED_VARIABLE = YES;
				IPHONEOS_DEPLOYMENT_TARGET = 15.2;
				MTL_ENABLE_DEBUG_INFO = NO;
				MTL_FAST_MATH = YES;
				SDKROOT = iphoneos;
				SWIFT_COMPILATION_MODE = wholemodule;
				SWIFT_OPTIMIZATION_LEVEL = "-O";
				VALIDATE_PRODUCT = YES;
			};
			name = Release;
		};
		494C6F302817F79A0023FF5F /* Debug */ = {
			isa = XCBuildConfiguration;
			buildSettings = {
				ASSETCATALOG_COMPILER_APPICON_NAME = AppIcon;
				ASSETCATALOG_COMPILER_GLOBAL_ACCENT_COLOR_NAME = AccentColor;
				CODE_SIGN_STYLE = Automatic;
				CURRENT_PROJECT_VERSION = 1;
				DEVELOPMENT_TEAM = D3CL5249J7;
				GENERATE_INFOPLIST_FILE = YES;
				INFOPLIST_FILE = Bankey/Info.plist;
				INFOPLIST_KEY_UIApplicationSupportsIndirectInputEvents = YES;
				INFOPLIST_KEY_UILaunchStoryboardName = LaunchScreen;
				INFOPLIST_KEY_UIMainStoryboardFile = "";
				INFOPLIST_KEY_UISupportedInterfaceOrientations_iPad = "UIInterfaceOrientationPortrait UIInterfaceOrientationPortraitUpsideDown UIInterfaceOrientationLandscapeLeft UIInterfaceOrientationLandscapeRight";
				INFOPLIST_KEY_UISupportedInterfaceOrientations_iPhone = "UIInterfaceOrientationPortrait UIInterfaceOrientationLandscapeLeft UIInterfaceOrientationLandscapeRight";
				LD_RUNPATH_SEARCH_PATHS = (
					"$(inherited)",
					"@executable_path/Frameworks",
				);
				MARKETING_VERSION = 1.0;
				PRODUCT_BUNDLE_IDENTIFIER = com.KirillSytkov.Tms.Bankey;
				PRODUCT_NAME = "$(TARGET_NAME)";
				SWIFT_EMIT_LOC_STRINGS = YES;
				SWIFT_VERSION = 5.0;
				TARGETED_DEVICE_FAMILY = "1,2";
			};
			name = Debug;
		};
		494C6F312817F79A0023FF5F /* Release */ = {
			isa = XCBuildConfiguration;
			buildSettings = {
				ASSETCATALOG_COMPILER_APPICON_NAME = AppIcon;
				ASSETCATALOG_COMPILER_GLOBAL_ACCENT_COLOR_NAME = AccentColor;
				CODE_SIGN_STYLE = Automatic;
				CURRENT_PROJECT_VERSION = 1;
				DEVELOPMENT_TEAM = D3CL5249J7;
				GENERATE_INFOPLIST_FILE = YES;
				INFOPLIST_FILE = Bankey/Info.plist;
				INFOPLIST_KEY_UIApplicationSupportsIndirectInputEvents = YES;
				INFOPLIST_KEY_UILaunchStoryboardName = LaunchScreen;
				INFOPLIST_KEY_UIMainStoryboardFile = "";
				INFOPLIST_KEY_UISupportedInterfaceOrientations_iPad = "UIInterfaceOrientationPortrait UIInterfaceOrientationPortraitUpsideDown UIInterfaceOrientationLandscapeLeft UIInterfaceOrientationLandscapeRight";
				INFOPLIST_KEY_UISupportedInterfaceOrientations_iPhone = "UIInterfaceOrientationPortrait UIInterfaceOrientationLandscapeLeft UIInterfaceOrientationLandscapeRight";
				LD_RUNPATH_SEARCH_PATHS = (
					"$(inherited)",
					"@executable_path/Frameworks",
				);
				MARKETING_VERSION = 1.0;
				PRODUCT_BUNDLE_IDENTIFIER = com.KirillSytkov.Tms.Bankey;
				PRODUCT_NAME = "$(TARGET_NAME)";
				SWIFT_EMIT_LOC_STRINGS = YES;
				SWIFT_VERSION = 5.0;
				TARGETED_DEVICE_FAMILY = "1,2";
			};
			name = Release;
		};
/* End XCBuildConfiguration section */

/* Begin XCConfigurationList section */
		494C6F162817F7990023FF5F /* Build configuration list for PBXProject "Bankey" */ = {
			isa = XCConfigurationList;
			buildConfigurations = (
				494C6F2D2817F79A0023FF5F /* Debug */,
				494C6F2E2817F79A0023FF5F /* Release */,
			);
			defaultConfigurationIsVisible = 0;
			defaultConfigurationName = Release;
		};
		494C6F2F2817F79A0023FF5F /* Build configuration list for PBXNativeTarget "Bankey" */ = {
			isa = XCConfigurationList;
			buildConfigurations = (
				494C6F302817F79A0023FF5F /* Debug */,
				494C6F312817F79A0023FF5F /* Release */,
			);
			defaultConfigurationIsVisible = 0;
			defaultConfigurationName = Release;
		};
/* End XCConfigurationList section */
	};
	rootObject = 494C6F132817F7990023FF5F /* Project object */;
}
